# @generated - this file is auto-generated by `mise lock` https://mise.jdx.dev/dev-tools/mise-lock.html

[[tools.ruby]]
version = "3.2.0"
backend = "core:ruby"

[tools.ruby.options]
compile = "false"
precompiled_url = "jdx/ruby"
ruby_build_repo = "https://github.com/rbenv/ruby-build.git"
ruby_install = "false"

[tools.ruby."platforms.linux-arm64"]
checksum = "sha256:daaa78e1360b2783f98deeceb677ad900f3a36c0ffa6e2b6b19090be77abc272"
url = "https://cache.ruby-lang.org/pub/ruby/3.2/ruby-3.2.0.tar.gz"

[tools.ruby."platforms.linux-x64"]
checksum = "sha256:daaa78e1360b2783f98deeceb677ad900f3a36c0ffa6e2b6b19090be77abc272"
url = "https://cache.ruby-lang.org/pub/ruby/3.2/ruby-3.2.0.tar.gz"

[tools.ruby."platforms.macos-arm64"]
checksum = "sha256:daaa78e1360b2783f98deeceb677ad900f3a36c0ffa6e2b6b19090be77abc272"
url = "https://cache.ruby-lang.org/pub/ruby/3.2/ruby-3.2.0.tar.gz"

[tools.ruby."platforms.macos-x64"]
checksum = "sha256:daaa78e1360b2783f98deeceb677ad900f3a36c0ffa6e2b6b19090be77abc272"
url = "https://cache.ruby-lang.org/pub/ruby/3.2/ruby-3.2.0.tar.gz"
